
Microsoft Visual Studio Solution File, Format Version 12.00
# Visual Studio 15
Project("{FAE04EC0-301F-11D3-BF4B-00C04F79EFBC}") = "Unity.Timeline", "Unity.Timeline.csproj", "{81FCCDFD-8A57-3321-8970-7F33B53DD0D3}"
EndProject
Project("{FAE04EC0-301F-11D3-BF4B-00C04F79EFBC}") = "Unity.Timeline.Editor", "Unity.Timeline.Editor.csproj", "{D8AD1905-7D33-8F7B-F8EC-6BAAA1C90B6B}"
EndProject
Project("{FAE04EC0-301F-11D3-BF4B-00C04F79EFBC}") = "Unity.Mobile.AndroidLogcat.Editor", "Unity.Mobile.AndroidLogcat.Editor.csproj", "{A3B65C91-7A77-D988-18A4-ED875804664C}"
EndProject
Project("{FAE04EC0-301F-11D3-BF4B-00C04F79EFBC}") = "Unity.TextMeshPro.Editor", "Unity.TextMeshPro.Editor.csproj", "{7D140349-2D89-0440-81F4-97D20E268E82}"
EndProject
Project("{FAE04EC0-301F-11D3-BF4B-00C04F79EFBC}") = "Assembly-CSharp", "Assembly-CSharp.csproj", "{D33A7FAF-862F-D97B-D779-E9457F49C1E5}"
EndProject
Project("{FAE04EC0-301F-11D3-BF4B-00C04F79EFBC}") = "CFXREditor", "CFXREditor.csproj", "{F0BE6E28-B6AA-27DF-D559-424895E5481D}"
EndProject
Project("{FAE04EC0-301F-11D3-BF4B-00C04F79EFBC}") = "UnityEditor.UI", "UnityEditor.UI.csproj", "{D3C22D30-1FDD-5E1C-78D4-1F52744C44B6}"
EndProject
Project("{FAE04EC0-301F-11D3-BF4B-00C04F79EFBC}") = "Unity.PlasticSCM.Editor", "Unity.PlasticSCM.Editor.csproj", "{09812A69-28A0-C545-CD9E-4BAEC6252D54}"
EndProject
Project("{FAE04EC0-301F-11D3-BF4B-00C04F79EFBC}") = "UnityEngine.TestRunner", "UnityEngine.TestRunner.csproj", "{D8F0E8EA-ADA2-D903-9D49-EBD2AECBE95A}"
EndProject
Project("{FAE04EC0-301F-11D3-BF4B-00C04F79EFBC}") = "UnityEditor.TestRunner", "UnityEditor.TestRunner.csproj", "{92FD60D0-1690-6F70-1755-151F4E30F901}"
EndProject
Project("{FAE04EC0-301F-11D3-BF4B-00C04F79EFBC}") = "CFXRRuntime", "CFXRRuntime.csproj", "{23877D6A-B8B4-30CB-A319-5DAAA333E72A}"
EndProject
Project("{FAE04EC0-301F-11D3-BF4B-00C04F79EFBC}") = "Assembly-CSharp-Editor", "Assembly-CSharp-Editor.csproj", "{133B792C-902D-80E7-BC55-ACF853E81479}"
EndProject
Project("{FAE04EC0-301F-11D3-BF4B-00C04F79EFBC}") = "Unity.Postprocessing.Runtime", "Unity.Postprocessing.Runtime.csproj", "{445C13F6-7F52-B3C4-2F72-BA454A0E2041}"
EndProject
Project("{FAE04EC0-301F-11D3-BF4B-00C04F79EFBC}") = "UnityEngine.UI", "UnityEngine.UI.csproj", "{B778B6A6-9E23-B3F5-6F4E-A4BE13C2CB2E}"
EndProject
Project("{FAE04EC0-301F-11D3-BF4B-00C04F79EFBC}") = "Unity.AI.Navigation.Editor", "Unity.AI.Navigation.Editor.csproj", "{77CE65B0-E778-DC8E-3C5B-597486D81613}"
EndProject
Project("{FAE04EC0-301F-11D3-BF4B-00C04F79EFBC}") = "Unity.VisualStudio.Editor", "Unity.VisualStudio.Editor.csproj", "{4575BB06-A780-1F21-65D5-AEF7769B6BCF}"
EndProject
Project("{FAE04EC0-301F-11D3-BF4B-00C04F79EFBC}") = "Unity.Rider.Editor", "Unity.Rider.Editor.csproj", "{85A57256-E4D9-94C7-B3FC-B818F6FFCF3A}"
EndProject
Project("{FAE04EC0-301F-11D3-BF4B-00C04F79EFBC}") = "Unity.Notifications.Android", "Unity.Notifications.Android.csproj", "{529BBA0A-E421-C002-149F-06F4FCD04F3F}"
EndProject
Project("{FAE04EC0-301F-11D3-BF4B-00C04F79EFBC}") = "Unity.AI.Navigation", "Unity.AI.Navigation.csproj", "{4AB6D895-F9A1-64FA-F688-031261A8E7B7}"
EndProject
Project("{FAE04EC0-301F-11D3-BF4B-00C04F79EFBC}") = "Unity.AI.Navigation.Editor.ConversionSystem", "Unity.AI.Navigation.Editor.ConversionSystem.csproj", "{A94A2007-C07E-3819-E721-E737A77253D2}"
EndProject
Project("{FAE04EC0-301F-11D3-BF4B-00C04F79EFBC}") = "Unity.Postprocessing.Editor", "Unity.Postprocessing.Editor.csproj", "{D13484AD-F17C-29ED-64C2-67E8C6BAC328}"
EndProject
Project("{FAE04EC0-301F-11D3-BF4B-00C04F79EFBC}") = "Unity.Notifications", "Unity.Notifications.csproj", "{FFE4DBC3-63E6-01E2-2ABC-D3CA542827FF}"
EndProject
Project("{FAE04EC0-301F-11D3-BF4B-00C04F79EFBC}") = "Unity.TextMeshPro", "Unity.TextMeshPro.csproj", "{7A0F7EF0-E672-BE25-4197-2F29A9B773B7}"
EndProject
Project("{FAE04EC0-301F-11D3-BF4B-00C04F79EFBC}") = "CFXR.WelcomeScreen", "CFXR.WelcomeScreen.csproj", "{6FCDDF15-88C8-DA91-4929-A38DA3BA45D2}"
EndProject
Project("{FAE04EC0-301F-11D3-BF4B-00C04F79EFBC}") = "Unity.AI.Navigation.Updater", "Unity.AI.Navigation.Updater.csproj", "{0C382649-D51B-2DFC-3849-42B69B2678DC}"
EndProject
Project("{FAE04EC0-301F-11D3-BF4B-00C04F79EFBC}") = "Unity.Notifications.iOS", "Unity.Notifications.iOS.csproj", "{22F1FA26-A9E3-3013-BF9E-931000513143}"
EndProject
Project("{FAE04EC0-301F-11D3-BF4B-00C04F79EFBC}") = "Unity.Notifications.Unified", "Unity.Notifications.Unified.csproj", "{F5AD75FD-9E58-E3F7-DEE2-73557FCE1143}"
EndProject
Project("{FAE04EC0-301F-11D3-BF4B-00C04F79EFBC}") = "CFXRDemo", "CFXRDemo.csproj", "{666BE6AB-90FF-BA92-5FCE-C2EE07B9F854}"
EndProject
Project("{FAE04EC0-301F-11D3-BF4B-00C04F79EFBC}") = "ToonyColorsPro.Demo.Editor", "ToonyColorsPro.Demo.Editor.csproj", "{614EBDA1-5F99-E678-A1D6-9D62E410727E}"
EndProject
Project("{FAE04EC0-301F-11D3-BF4B-00C04F79EFBC}") = "KinoBloom.Runtime", "KinoBloom.Runtime.csproj", "{8EF74760-F1F4-B6F7-08C9-88FBB1E59000}"
EndProject
Project("{FAE04EC0-301F-11D3-BF4B-00C04F79EFBC}") = "Unity.CollabProxy.Editor", "Unity.CollabProxy.Editor.csproj", "{5037E934-92D4-41AF-B2FB-AB2A9AD18424}"
EndProject
Project("{FAE04EC0-301F-11D3-BF4B-00C04F79EFBC}") = "Unity.Timeline", "Unity.Timeline.Player.csproj", "{3E1D03B5-720C-98A9-6D41-54E8741B348B}"
EndProject
Project("{FAE04EC0-301F-11D3-BF4B-00C04F79EFBC}") = "Assembly-CSharp", "Assembly-CSharp.Player.csproj", "{8DD477E9-254E-2208-427F-077D30B1DA76}"
EndProject
Project("{FAE04EC0-301F-11D3-BF4B-00C04F79EFBC}") = "UnityEngine.TestRunner", "UnityEngine.TestRunner.Player.csproj", "{5A708249-1A41-E2D3-D7F6-9A817AC01064}"
EndProject
Project("{FAE04EC0-301F-11D3-BF4B-00C04F79EFBC}") = "CFXRRuntime", "CFXRRuntime.Player.csproj", "{047EE35A-E691-F9BB-DBDB-27B7A0CB606F}"
EndProject
Project("{FAE04EC0-301F-11D3-BF4B-00C04F79EFBC}") = "Unity.Postprocessing.Runtime", "Unity.Postprocessing.Runtime.Player.csproj", "{6EA9C125-FDC1-3536-C63E-2923F8076912}"
EndProject
Project("{FAE04EC0-301F-11D3-BF4B-00C04F79EFBC}") = "UnityEngine.UI", "UnityEngine.UI.Player.csproj", "{2282407D-EA27-58FC-A274-E5B91CD9B748}"
EndProject
Project("{FAE04EC0-301F-11D3-BF4B-00C04F79EFBC}") = "Unity.AI.Navigation", "Unity.AI.Navigation.Player.csproj", "{481E9CF3-C5B6-BCF6-7D90-443EC5DD520C}"
EndProject
Project("{FAE04EC0-301F-11D3-BF4B-00C04F79EFBC}") = "Unity.TextMeshPro", "Unity.TextMeshPro.Player.csproj", "{81B4124A-B4C5-FDF2-C55F-4BD9D07C89B8}"
EndProject
Project("{FAE04EC0-301F-11D3-BF4B-00C04F79EFBC}") = "CFXRDemo", "CFXRDemo.Player.csproj", "{D0A32D95-53F7-C470-542E-0D5F393C472F}"
EndProject
Project("{FAE04EC0-301F-11D3-BF4B-00C04F79EFBC}") = "KinoBloom.Runtime", "KinoBloom.Runtime.Player.csproj", "{F82C1692-8C7D-D808-41A4-8E80DFFC1312}"
EndProject
Global
	GlobalSection(SolutionConfigurationPlatforms) = preSolution
		Debug|Any CPU = Debug|Any CPU
		Release|Any CPU = Release|Any CPU
	EndGlobalSection
	GlobalSection(ProjectConfigurationPlatforms) = postSolution
		{81FCCDFD-8A57-3321-8970-7F33B53DD0D3}.Debug|Any CPU.ActiveCfg = Debug|Any CPU
		{81FCCDFD-8A57-3321-8970-7F33B53DD0D3}.Debug|Any CPU.Build.0 = Debug|Any CPU
		{81FCCDFD-8A57-3321-8970-7F33B53DD0D3}.Release|Any CPU.ActiveCfg = Release|Any CPU
		{81FCCDFD-8A57-3321-8970-7F33B53DD0D3}.Release|Any CPU.Build.0 = Release|Any CPU
		{D8AD1905-7D33-8F7B-F8EC-6BAAA1C90B6B}.Debug|Any CPU.ActiveCfg = Debug|Any CPU
		{D8AD1905-7D33-8F7B-F8EC-6BAAA1C90B6B}.Debug|Any CPU.Build.0 = Debug|Any CPU
		{D8AD1905-7D33-8F7B-F8EC-6BAAA1C90B6B}.Release|Any CPU.ActiveCfg = Release|Any CPU
		{D8AD1905-7D33-8F7B-F8EC-6BAAA1C90B6B}.Release|Any CPU.Build.0 = Release|Any CPU
		{A3B65C91-7A77-D988-18A4-ED875804664C}.Debug|Any CPU.ActiveCfg = Debug|Any CPU
		{A3B65C91-7A77-D988-18A4-ED875804664C}.Debug|Any CPU.Build.0 = Debug|Any CPU
		{A3B65C91-7A77-D988-18A4-ED875804664C}.Release|Any CPU.ActiveCfg = Release|Any CPU
		{A3B65C91-7A77-D988-18A4-ED875804664C}.Release|Any CPU.Build.0 = Release|Any CPU
		{7D140349-2D89-0440-81F4-97D20E268E82}.Debug|Any CPU.ActiveCfg = Debug|Any CPU
		{7D140349-2D89-0440-81F4-97D20E268E82}.Debug|Any CPU.Build.0 = Debug|Any CPU
		{7D140349-2D89-0440-81F4-97D20E268E82}.Release|Any CPU.ActiveCfg = Release|Any CPU
		{7D140349-2D89-0440-81F4-97D20E268E82}.Release|Any CPU.Build.0 = Release|Any CPU
		{D33A7FAF-862F-D97B-D779-E9457F49C1E5}.Debug|Any CPU.ActiveCfg = Debug|Any CPU
		{D33A7FAF-862F-D97B-D779-E9457F49C1E5}.Debug|Any CPU.Build.0 = Debug|Any CPU
		{D33A7FAF-862F-D97B-D779-E9457F49C1E5}.Release|Any CPU.ActiveCfg = Release|Any CPU
		{D33A7FAF-862F-D97B-D779-E9457F49C1E5}.Release|Any CPU.Build.0 = Release|Any CPU
		{F0BE6E28-B6AA-27DF-D559-424895E5481D}.Debug|Any CPU.ActiveCfg = Debug|Any CPU
		{F0BE6E28-B6AA-27DF-D559-424895E5481D}.Debug|Any CPU.Build.0 = Debug|Any CPU
		{F0BE6E28-B6AA-27DF-D559-424895E5481D}.Release|Any CPU.ActiveCfg = Release|Any CPU
		{F0BE6E28-B6AA-27DF-D559-424895E5481D}.Release|Any CPU.Build.0 = Release|Any CPU
		{D3C22D30-1FDD-5E1C-78D4-1F52744C44B6}.Debug|Any CPU.ActiveCfg = Debug|Any CPU
		{D3C22D30-1FDD-5E1C-78D4-1F52744C44B6}.Debug|Any CPU.Build.0 = Debug|Any CPU
		{D3C22D30-1FDD-5E1C-78D4-1F52744C44B6}.Release|Any CPU.ActiveCfg = Release|Any CPU
		{D3C22D30-1FDD-5E1C-78D4-1F52744C44B6}.Release|Any CPU.Build.0 = Release|Any CPU
		{09812A69-28A0-C545-CD9E-4BAEC6252D54}.Debug|Any CPU.ActiveCfg = Debug|Any CPU
		{09812A69-28A0-C545-CD9E-4BAEC6252D54}.Debug|Any CPU.Build.0 = Debug|Any CPU
		{09812A69-28A0-C545-CD9E-4BAEC6252D54}.Release|Any CPU.ActiveCfg = Release|Any CPU
		{09812A69-28A0-C545-CD9E-4BAEC6252D54}.Release|Any CPU.Build.0 = Release|Any CPU
		{D8F0E8EA-ADA2-D903-9D49-EBD2AECBE95A}.Debug|Any CPU.ActiveCfg = Debug|Any CPU
		{D8F0E8EA-ADA2-D903-9D49-EBD2AECBE95A}.Debug|Any CPU.Build.0 = Debug|Any CPU
		{D8F0E8EA-ADA2-D903-9D49-EBD2AECBE95A}.Release|Any CPU.ActiveCfg = Release|Any CPU
		{D8F0E8EA-ADA2-D903-9D49-EBD2AECBE95A}.Release|Any CPU.Build.0 = Release|Any CPU
		{92FD60D0-1690-6F70-1755-151F4E30F901}.Debug|Any CPU.ActiveCfg = Debug|Any CPU
		{92FD60D0-1690-6F70-1755-151F4E30F901}.Debug|Any CPU.Build.0 = Debug|Any CPU
		{92FD60D0-1690-6F70-1755-151F4E30F901}.Release|Any CPU.ActiveCfg = Release|Any CPU
		{92FD60D0-1690-6F70-1755-151F4E30F901}.Release|Any CPU.Build.0 = Release|Any CPU
		{23877D6A-B8B4-30CB-A319-5DAAA333E72A}.Debug|Any CPU.ActiveCfg = Debug|Any CPU
		{23877D6A-B8B4-30CB-A319-5DAAA333E72A}.Debug|Any CPU.Build.0 = Debug|Any CPU
		{23877D6A-B8B4-30CB-A319-5DAAA333E72A}.Release|Any CPU.ActiveCfg = Release|Any CPU
		{23877D6A-B8B4-30CB-A319-5DAAA333E72A}.Release|Any CPU.Build.0 = Release|Any CPU
		{133B792C-902D-80E7-BC55-ACF853E81479}.Debug|Any CPU.ActiveCfg = Debug|Any CPU
		{133B792C-902D-80E7-BC55-ACF853E81479}.Debug|Any CPU.Build.0 = Debug|Any CPU
		{133B792C-902D-80E7-BC55-ACF853E81479}.Release|Any CPU.ActiveCfg = Release|Any CPU
		{133B792C-902D-80E7-BC55-ACF853E81479}.Release|Any CPU.Build.0 = Release|Any CPU
		{445C13F6-7F52-B3C4-2F72-BA454A0E2041}.Debug|Any CPU.ActiveCfg = Debug|Any CPU
		{445C13F6-7F52-B3C4-2F72-BA454A0E2041}.Debug|Any CPU.Build.0 = Debug|Any CPU
		{445C13F6-7F52-B3C4-2F72-BA454A0E2041}.Release|Any CPU.ActiveCfg = Release|Any CPU
		{445C13F6-7F52-B3C4-2F72-BA454A0E2041}.Release|Any CPU.Build.0 = Release|Any CPU
		{B778B6A6-9E23-B3F5-6F4E-A4BE13C2CB2E}.Debug|Any CPU.ActiveCfg = Debug|Any CPU
		{B778B6A6-9E23-B3F5-6F4E-A4BE13C2CB2E}.Debug|Any CPU.Build.0 = Debug|Any CPU
		{B778B6A6-9E23-B3F5-6F4E-A4BE13C2CB2E}.Release|Any CPU.ActiveCfg = Release|Any CPU
		{B778B6A6-9E23-B3F5-6F4E-A4BE13C2CB2E}.Release|Any CPU.Build.0 = Release|Any CPU
		{77CE65B0-E778-DC8E-3C5B-597486D81613}.Debug|Any CPU.ActiveCfg = Debug|Any CPU
		{77CE65B0-E778-DC8E-3C5B-597486D81613}.Debug|Any CPU.Build.0 = Debug|Any CPU
		{77CE65B0-E778-DC8E-3C5B-597486D81613}.Release|Any CPU.ActiveCfg = Release|Any CPU
		{77CE65B0-E778-DC8E-3C5B-597486D81613}.Release|Any CPU.Build.0 = Release|Any CPU
		{4575BB06-A780-1F21-65D5-AEF7769B6BCF}.Debug|Any CPU.ActiveCfg = Debug|Any CPU
		{4575BB06-A780-1F21-65D5-AEF7769B6BCF}.Debug|Any CPU.Build.0 = Debug|Any CPU
		{4575BB06-A780-1F21-65D5-AEF7769B6BCF}.Release|Any CPU.ActiveCfg = Release|Any CPU
		{4575BB06-A780-1F21-65D5-AEF7769B6BCF}.Release|Any CPU.Build.0 = Release|Any CPU
		{85A57256-E4D9-94C7-B3FC-B818F6FFCF3A}.Debug|Any CPU.ActiveCfg = Debug|Any CPU
		{85A57256-E4D9-94C7-B3FC-B818F6FFCF3A}.Debug|Any CPU.Build.0 = Debug|Any CPU
		{85A57256-E4D9-94C7-B3FC-B818F6FFCF3A}.Release|Any CPU.ActiveCfg = Release|Any CPU
		{85A57256-E4D9-94C7-B3FC-B818F6FFCF3A}.Release|Any CPU.Build.0 = Release|Any CPU
		{529BBA0A-E421-C002-149F-06F4FCD04F3F}.Debug|Any CPU.ActiveCfg = Debug|Any CPU
		{529BBA0A-E421-C002-149F-06F4FCD04F3F}.Debug|Any CPU.Build.0 = Debug|Any CPU
		{529BBA0A-E421-C002-149F-06F4FCD04F3F}.Release|Any CPU.ActiveCfg = Release|Any CPU
		{529BBA0A-E421-C002-149F-06F4FCD04F3F}.Release|Any CPU.Build.0 = Release|Any CPU
		{4AB6D895-F9A1-64FA-F688-031261A8E7B7}.Debug|Any CPU.ActiveCfg = Debug|Any CPU
		{4AB6D895-F9A1-64FA-F688-031261A8E7B7}.Debug|Any CPU.Build.0 = Debug|Any CPU
		{4AB6D895-F9A1-64FA-F688-031261A8E7B7}.Release|Any CPU.ActiveCfg = Release|Any CPU
		{4AB6D895-F9A1-64FA-F688-031261A8E7B7}.Release|Any CPU.Build.0 = Release|Any CPU
		{A94A2007-C07E-3819-E721-E737A77253D2}.Debug|Any CPU.ActiveCfg = Debug|Any CPU
		{A94A2007-C07E-3819-E721-E737A77253D2}.Debug|Any CPU.Build.0 = Debug|Any CPU
		{A94A2007-C07E-3819-E721-E737A77253D2}.Release|Any CPU.ActiveCfg = Release|Any CPU
		{A94A2007-C07E-3819-E721-E737A77253D2}.Release|Any CPU.Build.0 = Release|Any CPU
		{D13484AD-F17C-29ED-64C2-67E8C6BAC328}.Debug|Any CPU.ActiveCfg = Debug|Any CPU
		{D13484AD-F17C-29ED-64C2-67E8C6BAC328}.Debug|Any CPU.Build.0 = Debug|Any CPU
		{D13484AD-F17C-29ED-64C2-67E8C6BAC328}.Release|Any CPU.ActiveCfg = Release|Any CPU
		{D13484AD-F17C-29ED-64C2-67E8C6BAC328}.Release|Any CPU.Build.0 = Release|Any CPU
		{FFE4DBC3-63E6-01E2-2ABC-D3CA542827FF}.Debug|Any CPU.ActiveCfg = Debug|Any CPU
		{FFE4DBC3-63E6-01E2-2ABC-D3CA542827FF}.Debug|Any CPU.Build.0 = Debug|Any CPU
		{FFE4DBC3-63E6-01E2-2ABC-D3CA542827FF}.Release|Any CPU.ActiveCfg = Release|Any CPU
		{FFE4DBC3-63E6-01E2-2ABC-D3CA542827FF}.Release|Any CPU.Build.0 = Release|Any CPU
		{7A0F7EF0-E672-BE25-4197-2F29A9B773B7}.Debug|Any CPU.ActiveCfg = Debug|Any CPU
		{7A0F7EF0-E672-BE25-4197-2F29A9B773B7}.Debug|Any CPU.Build.0 = Debug|Any CPU
		{7A0F7EF0-E672-BE25-4197-2F29A9B773B7}.Release|Any CPU.ActiveCfg = Release|Any CPU
		{7A0F7EF0-E672-BE25-4197-2F29A9B773B7}.Release|Any CPU.Build.0 = Release|Any CPU
		{6FCDDF15-88C8-DA91-4929-A38DA3BA45D2}.Debug|Any CPU.ActiveCfg = Debug|Any CPU
		{6FCDDF15-88C8-DA91-4929-A38DA3BA45D2}.Debug|Any CPU.Build.0 = Debug|Any CPU
		{6FCDDF15-88C8-DA91-4929-A38DA3BA45D2}.Release|Any CPU.ActiveCfg = Release|Any CPU
		{6FCDDF15-88C8-DA91-4929-A38DA3BA45D2}.Release|Any CPU.Build.0 = Release|Any CPU
		{0C382649-D51B-2DFC-3849-42B69B2678DC}.Debug|Any CPU.ActiveCfg = Debug|Any CPU
		{0C382649-D51B-2DFC-3849-42B69B2678DC}.Debug|Any CPU.Build.0 = Debug|Any CPU
		{0C382649-D51B-2DFC-3849-42B69B2678DC}.Release|Any CPU.ActiveCfg = Release|Any CPU
		{0C382649-D51B-2DFC-3849-42B69B2678DC}.Release|Any CPU.Build.0 = Release|Any CPU
		{22F1FA26-A9E3-3013-BF9E-931000513143}.Debug|Any CPU.ActiveCfg = Debug|Any CPU
		{22F1FA26-A9E3-3013-BF9E-931000513143}.Debug|Any CPU.Build.0 = Debug|Any CPU
		{22F1FA26-A9E3-3013-BF9E-931000513143}.Release|Any CPU.ActiveCfg = Release|Any CPU
		{22F1FA26-A9E3-3013-BF9E-931000513143}.Release|Any CPU.Build.0 = Release|Any CPU
		{F5AD75FD-9E58-E3F7-DEE2-73557FCE1143}.Debug|Any CPU.ActiveCfg = Debug|Any CPU
		{F5AD75FD-9E58-E3F7-DEE2-73557FCE1143}.Debug|Any CPU.Build.0 = Debug|Any CPU
		{F5AD75FD-9E58-E3F7-DEE2-73557FCE1143}.Release|Any CPU.ActiveCfg = Release|Any CPU
		{F5AD75FD-9E58-E3F7-DEE2-73557FCE1143}.Release|Any CPU.Build.0 = Release|Any CPU
		{666BE6AB-90FF-BA92-5FCE-C2EE07B9F854}.Debug|Any CPU.ActiveCfg = Debug|Any CPU
		{666BE6AB-90FF-BA92-5FCE-C2EE07B9F854}.Debug|Any CPU.Build.0 = Debug|Any CPU
		{666BE6AB-90FF-BA92-5FCE-C2EE07B9F854}.Release|Any CPU.ActiveCfg = Release|Any CPU
		{666BE6AB-90FF-BA92-5FCE-C2EE07B9F854}.Release|Any CPU.Build.0 = Release|Any CPU
		{614EBDA1-5F99-E678-A1D6-9D62E410727E}.Debug|Any CPU.ActiveCfg = Debug|Any CPU
		{614EBDA1-5F99-E678-A1D6-9D62E410727E}.Debug|Any CPU.Build.0 = Debug|Any CPU
		{614EBDA1-5F99-E678-A1D6-9D62E410727E}.Release|Any CPU.ActiveCfg = Release|Any CPU
		{614EBDA1-5F99-E678-A1D6-9D62E410727E}.Release|Any CPU.Build.0 = Release|Any CPU
		{8EF74760-F1F4-B6F7-08C9-88FBB1E59000}.Debug|Any CPU.ActiveCfg = Debug|Any CPU
		{8EF74760-F1F4-B6F7-08C9-88FBB1E59000}.Debug|Any CPU.Build.0 = Debug|Any CPU
		{8EF74760-F1F4-B6F7-08C9-88FBB1E59000}.Release|Any CPU.ActiveCfg = Release|Any CPU
		{8EF74760-F1F4-B6F7-08C9-88FBB1E59000}.Release|Any CPU.Build.0 = Release|Any CPU
		{5037E934-92D4-41AF-B2FB-AB2A9AD18424}.Debug|Any CPU.ActiveCfg = Debug|Any CPU
		{5037E934-92D4-41AF-B2FB-AB2A9AD18424}.Debug|Any CPU.Build.0 = Debug|Any CPU
		{5037E934-92D4-41AF-B2FB-AB2A9AD18424}.Release|Any CPU.ActiveCfg = Release|Any CPU
		{5037E934-92D4-41AF-B2FB-AB2A9AD18424}.Release|Any CPU.Build.0 = Release|Any CPU
		{3E1D03B5-720C-98A9-6D41-54E8741B348B}.Debug|Any CPU.ActiveCfg = Debug|Any CPU
		{3E1D03B5-720C-98A9-6D41-54E8741B348B}.Debug|Any CPU.Build.0 = Debug|Any CPU
		{3E1D03B5-720C-98A9-6D41-54E8741B348B}.Release|Any CPU.ActiveCfg = Release|Any CPU
		{3E1D03B5-720C-98A9-6D41-54E8741B348B}.Release|Any CPU.Build.0 = Release|Any CPU
		{8DD477E9-254E-2208-427F-077D30B1DA76}.Debug|Any CPU.ActiveCfg = Debug|Any CPU
		{8DD477E9-254E-2208-427F-077D30B1DA76}.Debug|Any CPU.Build.0 = Debug|Any CPU
		{8DD477E9-254E-2208-427F-077D30B1DA76}.Release|Any CPU.ActiveCfg = Release|Any CPU
		{8DD477E9-254E-2208-427F-077D30B1DA76}.Release|Any CPU.Build.0 = Release|Any CPU
		{5A708249-1A41-E2D3-D7F6-9A817AC01064}.Debug|Any CPU.ActiveCfg = Debug|Any CPU
		{5A708249-1A41-E2D3-D7F6-9A817AC01064}.Debug|Any CPU.Build.0 = Debug|Any CPU
		{5A708249-1A41-E2D3-D7F6-9A817AC01064}.Release|Any CPU.ActiveCfg = Release|Any CPU
		{5A708249-1A41-E2D3-D7F6-9A817AC01064}.Release|Any CPU.Build.0 = Release|Any CPU
		{047EE35A-E691-F9BB-DBDB-27B7A0CB606F}.Debug|Any CPU.ActiveCfg = Debug|Any CPU
		{047EE35A-E691-F9BB-DBDB-27B7A0CB606F}.Debug|Any CPU.Build.0 = Debug|Any CPU
		{047EE35A-E691-F9BB-DBDB-27B7A0CB606F}.Release|Any CPU.ActiveCfg = Release|Any CPU
		{047EE35A-E691-F9BB-DBDB-27B7A0CB606F}.Release|Any CPU.Build.0 = Release|Any CPU
		{6EA9C125-FDC1-3536-C63E-2923F8076912}.Debug|Any CPU.ActiveCfg = Debug|Any CPU
		{6EA9C125-FDC1-3536-C63E-2923F8076912}.Debug|Any CPU.Build.0 = Debug|Any CPU
		{6EA9C125-FDC1-3536-C63E-2923F8076912}.Release|Any CPU.ActiveCfg = Release|Any CPU
		{6EA9C125-FDC1-3536-C63E-2923F8076912}.Release|Any CPU.Build.0 = Release|Any CPU
		{2282407D-EA27-58FC-A274-E5B91CD9B748}.Debug|Any CPU.ActiveCfg = Debug|Any CPU
		{2282407D-EA27-58FC-A274-E5B91CD9B748}.Debug|Any CPU.Build.0 = Debug|Any CPU
		{2282407D-EA27-58FC-A274-E5B91CD9B748}.Release|Any CPU.ActiveCfg = Release|Any CPU
		{2282407D-EA27-58FC-A274-E5B91CD9B748}.Release|Any CPU.Build.0 = Release|Any CPU
		{481E9CF3-C5B6-BCF6-7D90-443EC5DD520C}.Debug|Any CPU.ActiveCfg = Debug|Any CPU
		{481E9CF3-C5B6-BCF6-7D90-443EC5DD520C}.Debug|Any CPU.Build.0 = Debug|Any CPU
		{481E9CF3-C5B6-BCF6-7D90-443EC5DD520C}.Release|Any CPU.ActiveCfg = Release|Any CPU
		{481E9CF3-C5B6-BCF6-7D90-443EC5DD520C}.Release|Any CPU.Build.0 = Release|Any CPU
		{81B4124A-B4C5-FDF2-C55F-4BD9D07C89B8}.Debug|Any CPU.ActiveCfg = Debug|Any CPU
		{81B4124A-B4C5-FDF2-C55F-4BD9D07C89B8}.Debug|Any CPU.Build.0 = Debug|Any CPU
		{81B4124A-B4C5-FDF2-C55F-4BD9D07C89B8}.Release|Any CPU.ActiveCfg = Release|Any CPU
		{81B4124A-B4C5-FDF2-C55F-4BD9D07C89B8}.Release|Any CPU.Build.0 = Release|Any CPU
		{D0A32D95-53F7-C470-542E-0D5F393C472F}.Debug|Any CPU.ActiveCfg = Debug|Any CPU
		{D0A32D95-53F7-C470-542E-0D5F393C472F}.Debug|Any CPU.Build.0 = Debug|Any CPU
		{D0A32D95-53F7-C470-542E-0D5F393C472F}.Release|Any CPU.ActiveCfg = Release|Any CPU
		{D0A32D95-53F7-C470-542E-0D5F393C472F}.Release|Any CPU.Build.0 = Release|Any CPU
		{F82C1692-8C7D-D808-41A4-8E80DFFC1312}.Debug|Any CPU.ActiveCfg = Debug|Any CPU
		{F82C1692-8C7D-D808-41A4-8E80DFFC1312}.Debug|Any CPU.Build.0 = Debug|Any CPU
		{F82C1692-8C7D-D808-41A4-8E80DFFC1312}.Release|Any CPU.ActiveCfg = Release|Any CPU
		{F82C1692-8C7D-D808-41A4-8E80DFFC1312}.Release|Any CPU.Build.0 = Release|Any CPU
	EndGlobalSection
	GlobalSection(SolutionProperties) = preSolution
		HideSolutionNode = FALSE
	EndGlobalSection
EndGlobal
